
Microsoft Visual Studio Solution File, Format Version 12.00
# Visual Studio Version 16
VisualStudioVersion = 16.0.29209.62
MinimumVisualStudioVersion = 10.0.40219.1
Project("{2150E333-8FDC-42A3-9474-1A3956D46DE8}") = "1.Presentation", "1.Presentation", "{708BC592-6E52-4CAF-901B-4ABB233A2560}"
EndProject
Project("{2150E333-8FDC-42A3-9474-1A3956D46DE8}") = "2.Application", "2.Application", "{4BBF7269-D49E-4CA5-999E-7656F4702197}"
EndProject
Project("{2150E333-8FDC-42A3-9474-1A3956D46DE8}") = "3.Domain", "3.Domain", "{A38E4F97-470F-445B-9154-F94C3A54C207}"
EndProject
Project("{2150E333-8FDC-42A3-9474-1A3956D46DE8}") = "4.Infrastructure", "4.Infrastructure", "{C4C68BF8-4C73-4181-B605-4E56CB73B3B1}"
EndProject
Project("{FAE04EC0-301F-11D3-BF4B-00C04F79EFBC}") = "Qwerty.DDD.BootStrapping", "Qwerty.DDD.BootStrapping\Qwerty.DDD.BootStrapping.csproj", "{D63C4C03-7801-4429-9C30-4EC3B5B38BC9}"
EndProject
Project("{9A19103F-16F7-4668-BE54-9A1E7A4F7556}") = "Qwerty.DDD.Infrastructure.Repository", "Qwerty.DDD.Infrastructure.Repository\Qwerty.DDD.Infrastructure.Repository.csproj", "{4CCC6E0E-7A3D-471D-B84C-3995E8A21100}"
EndProject
Project("{9A19103F-16F7-4668-BE54-9A1E7A4F7556}") = "Qwerty.DDD.Infrastructure", "Qwerty.DDD.Infrastructure\Qwerty.DDD.Infrastructure.csproj", "{371EB0E5-D43B-42D0-8EE0-A43565839979}"
EndProject
Project("{9A19103F-16F7-4668-BE54-9A1E7A4F7556}") = "Qwerty.DDD.Repository", "Qwerty.DDD.Repository\Qwerty.DDD.Repository.csproj", "{7B0B350A-1154-465F-B9BB-F6C159088B65}"
EndProject
Project("{9A19103F-16F7-4668-BE54-9A1E7A4F7556}") = "Qwerty.DDD.Domain", "Qwerty.DDD.Domain\Qwerty.DDD.Domain.csproj", "{B67FB5B4-27CB-4FCF-8A40-2B46DD743B26}"
EndProject
Project("{9A19103F-16F7-4668-BE54-9A1E7A4F7556}") = "Qwerty.DDD.Domain.DomainService", "Qwerty.DDD.Domain.DomainService\Qwerty.DDD.Domain.DomainService.csproj", "{28381450-980C-45B5-9318-7789A45F704C}"
EndProject
Project("{9A19103F-16F7-4668-BE54-9A1E7A4F7556}") = "Qwerty.DDD.Domain.Repository.Interfaces", "Qwerty.DDD.Domain.Repository.Interfaces\Qwerty.DDD.Domain.Repository.Interfaces.csproj", "{B0BDA847-F033-4169-9DC7-56E38A1B123F}"
EndProject
Project("{9A19103F-16F7-4668-BE54-9A1E7A4F7556}") = "Qwerty.DDD.Domain.ValueObject", "Qwerty.DDD.Domain.ValueObject\Qwerty.DDD.Domain.ValueObject.csproj", "{0758D20D-6190-4179-A3C4-A62127B98A32}"
EndProject
Project("{9A19103F-16F7-4668-BE54-9A1E7A4F7556}") = "Qwerty.DDD.Application", "Qwerty.DDD.Application\Qwerty.DDD.Application.csproj", "{660A2896-1D78-43F9-BCE4-5DE79D6F4B38}"
EndProject
Project("{9A19103F-16F7-4668-BE54-9A1E7A4F7556}") = "Qwerty.DDD.Application.Dtos", "Qwerty.DDD.Application.Dtos\Qwerty.DDD.Application.Dtos.csproj", "{3CDB369E-778D-47D1-A4AE-31E3DD69BF89}"
EndProject
Project("{9A19103F-16F7-4668-BE54-9A1E7A4F7556}") = "Qwerty.DDD.Application.Interfaces", "Qwerty.DDD.Application.Interfaces\Qwerty.DDD.Application.Interfaces.csproj", "{B97F37CB-C9BA-4ED2-A30A-C651D270C836}"
EndProject
Project("{2150E333-8FDC-42A3-9474-1A3956D46DE8}") = "5.Test", "5.Test", "{18D341D4-46DD-484C-AF0C-F00B7275961F}"
EndProject
Project("{FAE04EC0-301F-11D3-BF4B-00C04F79EFBC}") = "XUnitTest", "XUnitTest\XUnitTest.csproj", "{B1257874-6AC2-4FDB-98BD-3DC7E5717E4C}"
EndProject
Project("{9A19103F-16F7-4668-BE54-9A1E7A4F7556}") = "UserTests", "UserTests\UserTests.csproj", "{6E24F657-9D87-4625-B30B-089A924C82CC}"
EndProject
Project("{FAE04EC0-301F-11D3-BF4B-00C04F79EFBC}") = "Qwerty.DDD.Api", "Qwerty.DDD.Api\Qwerty.DDD.Api.csproj", "{6721100E-A7C3-41E8-BBA2-B076E3EC23F0}"
EndProject
Project("{9A19103F-16F7-4668-BE54-9A1E7A4F7556}") = "Qwerty.DDD.Domain.EventHandlers", "Qwerty.DDD.Domain.EventHandlers\Qwerty.DDD.Domain.EventHandlers.csproj", "{6338522C-D1E0-4083-AEAC-FC8E9E22AD7F}"
EndProject
Project("{9A19103F-16F7-4668-BE54-9A1E7A4F7556}") = "Qwerty.DDD.Domain.Events", "Qwerty.DDD.Domain.Events\Qwerty.DDD.Domain.Events.csproj", "{578C13D4-DB47-43C1-A89A-3F6A38BA6850}"
EndProject
Global
	GlobalSection(SolutionConfigurationPlatforms) = preSolution
		Debug|Any CPU = Debug|Any CPU
		Debug|x64 = Debug|x64
		Debug|x86 = Debug|x86
		Release|Any CPU = Release|Any CPU
		Release|x64 = Release|x64
		Release|x86 = Release|x86
	EndGlobalSection
	GlobalSection(ProjectConfigurationPlatforms) = postSolution
		{D63C4C03-7801-4429-9C30-4EC3B5B38BC9}.Debug|Any CPU.ActiveCfg = Debug|Any CPU
		{D63C4C03-7801-4429-9C30-4EC3B5B38BC9}.Debug|Any CPU.Build.0 = Debug|Any CPU
		{D63C4C03-7801-4429-9C30-4EC3B5B38BC9}.Debug|x64.ActiveCfg = Debug|Any CPU
		{D63C4C03-7801-4429-9C30-4EC3B5B38BC9}.Debug|x64.Build.0 = Debug|Any CPU
		{D63C4C03-7801-4429-9C30-4EC3B5B38BC9}.Debug|x86.ActiveCfg = Debug|Any CPU
		{D63C4C03-7801-4429-9C30-4EC3B5B38BC9}.Debug|x86.Build.0 = Debug|Any CPU
		{D63C4C03-7801-4429-9C30-4EC3B5B38BC9}.Release|Any CPU.ActiveCfg = Release|Any CPU
		{D63C4C03-7801-4429-9C30-4EC3B5B38BC9}.Release|Any CPU.Build.0 = Release|Any CPU
		{D63C4C03-7801-4429-9C30-4EC3B5B38BC9}.Release|x64.ActiveCfg = Release|Any CPU
		{D63C4C03-7801-4429-9C30-4EC3B5B38BC9}.Release|x64.Build.0 = Release|Any CPU
		{D63C4C03-7801-4429-9C30-4EC3B5B38BC9}.Release|x86.ActiveCfg = Release|Any CPU
		{D63C4C03-7801-4429-9C30-4EC3B5B38BC9}.Release|x86.Build.0 = Release|Any CPU
		{4CCC6E0E-7A3D-471D-B84C-3995E8A21100}.Debug|Any CPU.ActiveCfg = Debug|Any CPU
		{4CCC6E0E-7A3D-471D-B84C-3995E8A21100}.Debug|Any CPU.Build.0 = Debug|Any CPU
		{4CCC6E0E-7A3D-471D-B84C-3995E8A21100}.Debug|x64.ActiveCfg = Debug|Any CPU
		{4CCC6E0E-7A3D-471D-B84C-3995E8A21100}.Debug|x64.Build.0 = Debug|Any CPU
		{4CCC6E0E-7A3D-471D-B84C-3995E8A21100}.Debug|x86.ActiveCfg = Debug|Any CPU
		{4CCC6E0E-7A3D-471D-B84C-3995E8A21100}.Debug|x86.Build.0 = Debug|Any CPU
		{4CCC6E0E-7A3D-471D-B84C-3995E8A21100}.Release|Any CPU.ActiveCfg = Release|Any CPU
		{4CCC6E0E-7A3D-471D-B84C-3995E8A21100}.Release|Any CPU.Build.0 = Release|Any CPU
		{4CCC6E0E-7A3D-471D-B84C-3995E8A21100}.Release|x64.ActiveCfg = Release|Any CPU
		{4CCC6E0E-7A3D-471D-B84C-3995E8A21100}.Release|x64.Build.0 = Release|Any CPU
		{4CCC6E0E-7A3D-471D-B84C-3995E8A21100}.Release|x86.ActiveCfg = Release|Any CPU
		{4CCC6E0E-7A3D-471D-B84C-3995E8A21100}.Release|x86.Build.0 = Release|Any CPU
		{371EB0E5-D43B-42D0-8EE0-A43565839979}.Debug|Any CPU.ActiveCfg = Debug|Any CPU
		{371EB0E5-D43B-42D0-8EE0-A43565839979}.Debug|Any CPU.Build.0 = Debug|Any CPU
		{371EB0E5-D43B-42D0-8EE0-A43565839979}.Debug|x64.ActiveCfg = Debug|Any CPU
		{371EB0E5-D43B-42D0-8EE0-A43565839979}.Debug|x64.Build.0 = Debug|Any CPU
		{371EB0E5-D43B-42D0-8EE0-A43565839979}.Debug|x86.ActiveCfg = Debug|Any CPU
		{371EB0E5-D43B-42D0-8EE0-A43565839979}.Debug|x86.Build.0 = Debug|Any CPU
		{371EB0E5-D43B-42D0-8EE0-A43565839979}.Release|Any CPU.ActiveCfg = Release|Any CPU
		{371EB0E5-D43B-42D0-8EE0-A43565839979}.Release|Any CPU.Build.0 = Release|Any CPU
		{371EB0E5-D43B-42D0-8EE0-A43565839979}.Release|x64.ActiveCfg = Release|Any CPU
		{371EB0E5-D43B-42D0-8EE0-A43565839979}.Release|x64.Build.0 = Release|Any CPU
		{371EB0E5-D43B-42D0-8EE0-A43565839979}.Release|x86.ActiveCfg = Release|Any CPU
		{371EB0E5-D43B-42D0-8EE0-A43565839979}.Release|x86.Build.0 = Release|Any CPU
		{7B0B350A-1154-465F-B9BB-F6C159088B65}.Debug|Any CPU.ActiveCfg = Debug|Any CPU
		{7B0B350A-1154-465F-B9BB-F6C159088B65}.Debug|Any CPU.Build.0 = Debug|Any CPU
		{7B0B350A-1154-465F-B9BB-F6C159088B65}.Debug|x64.ActiveCfg = Debug|Any CPU
		{7B0B350A-1154-465F-B9BB-F6C159088B65}.Debug|x64.Build.0 = Debug|Any CPU
		{7B0B350A-1154-465F-B9BB-F6C159088B65}.Debug|x86.ActiveCfg = Debug|Any CPU
		{7B0B350A-1154-465F-B9BB-F6C159088B65}.Debug|x86.Build.0 = Debug|Any CPU
		{7B0B350A-1154-465F-B9BB-F6C159088B65}.Release|Any CPU.ActiveCfg = Release|Any CPU
		{7B0B350A-1154-465F-B9BB-F6C159088B65}.Release|Any CPU.Build.0 = Release|Any CPU
		{7B0B350A-1154-465F-B9BB-F6C159088B65}.Release|x64.ActiveCfg = Release|Any CPU
		{7B0B350A-1154-465F-B9BB-F6C159088B65}.Release|x64.Build.0 = Release|Any CPU
		{7B0B350A-1154-465F-B9BB-F6C159088B65}.Release|x86.ActiveCfg = Release|Any CPU
		{7B0B350A-1154-465F-B9BB-F6C159088B65}.Release|x86.Build.0 = Release|Any CPU
		{B67FB5B4-27CB-4FCF-8A40-2B46DD743B26}.Debug|Any CPU.ActiveCfg = Debug|Any CPU
		{B67FB5B4-27CB-4FCF-8A40-2B46DD743B26}.Debug|Any CPU.Build.0 = Debug|Any CPU
		{B67FB5B4-27CB-4FCF-8A40-2B46DD743B26}.Debug|x64.ActiveCfg = Debug|Any CPU
		{B67FB5B4-27CB-4FCF-8A40-2B46DD743B26}.Debug|x64.Build.0 = Debug|Any CPU
		{B67FB5B4-27CB-4FCF-8A40-2B46DD743B26}.Debug|x86.ActiveCfg = Debug|Any CPU
		{B67FB5B4-27CB-4FCF-8A40-2B46DD743B26}.Debug|x86.Build.0 = Debug|Any CPU
		{B67FB5B4-27CB-4FCF-8A40-2B46DD743B26}.Release|Any CPU.ActiveCfg = Release|Any CPU
		{B67FB5B4-27CB-4FCF-8A40-2B46DD743B26}.Release|Any CPU.Build.0 = Release|Any CPU
		{B67FB5B4-27CB-4FCF-8A40-2B46DD743B26}.Release|x64.ActiveCfg = Release|Any CPU
		{B67FB5B4-27CB-4FCF-8A40-2B46DD743B26}.Release|x64.Build.0 = Release|Any CPU
		{B67FB5B4-27CB-4FCF-8A40-2B46DD743B26}.Release|x86.ActiveCfg = Release|Any CPU
		{B67FB5B4-27CB-4FCF-8A40-2B46DD743B26}.Release|x86.Build.0 = Release|Any CPU
		{28381450-980C-45B5-9318-7789A45F704C}.Debug|Any CPU.ActiveCfg = Debug|Any CPU
		{28381450-980C-45B5-9318-7789A45F704C}.Debug|Any CPU.Build.0 = Debug|Any CPU
		{28381450-980C-45B5-9318-7789A45F704C}.Debug|x64.ActiveCfg = Debug|Any CPU
		{28381450-980C-45B5-9318-7789A45F704C}.Debug|x64.Build.0 = Debug|Any CPU
		{28381450-980C-45B5-9318-7789A45F704C}.Debug|x86.ActiveCfg = Debug|Any CPU
		{28381450-980C-45B5-9318-7789A45F704C}.Debug|x86.Build.0 = Debug|Any CPU
		{28381450-980C-45B5-9318-7789A45F704C}.Release|Any CPU.ActiveCfg = Release|Any CPU
		{28381450-980C-45B5-9318-7789A45F704C}.Release|Any CPU.Build.0 = Release|Any CPU
		{28381450-980C-45B5-9318-7789A45F704C}.Release|x64.ActiveCfg = Release|Any CPU
		{28381450-980C-45B5-9318-7789A45F704C}.Release|x64.Build.0 = Release|Any CPU
		{28381450-980C-45B5-9318-7789A45F704C}.Release|x86.ActiveCfg = Release|Any CPU
		{28381450-980C-45B5-9318-7789A45F704C}.Release|x86.Build.0 = Release|Any CPU
		{B0BDA847-F033-4169-9DC7-56E38A1B123F}.Debug|Any CPU.ActiveCfg = Debug|Any CPU
		{B0BDA847-F033-4169-9DC7-56E38A1B123F}.Debug|Any CPU.Build.0 = Debug|Any CPU
		{B0BDA847-F033-4169-9DC7-56E38A1B123F}.Debug|x64.ActiveCfg = Debug|Any CPU
		{B0BDA847-F033-4169-9DC7-56E38A1B123F}.Debug|x64.Build.0 = Debug|Any CPU
		{B0BDA847-F033-4169-9DC7-56E38A1B123F}.Debug|x86.ActiveCfg = Debug|Any CPU
		{B0BDA847-F033-4169-9DC7-56E38A1B123F}.Debug|x86.Build.0 = Debug|Any CPU
		{B0BDA847-F033-4169-9DC7-56E38A1B123F}.Release|Any CPU.ActiveCfg = Release|Any CPU
		{B0BDA847-F033-4169-9DC7-56E38A1B123F}.Release|Any CPU.Build.0 = Release|Any CPU
		{B0BDA847-F033-4169-9DC7-56E38A1B123F}.Release|x64.ActiveCfg = Release|Any CPU
		{B0BDA847-F033-4169-9DC7-56E38A1B123F}.Release|x64.Build.0 = Release|Any CPU
		{B0BDA847-F033-4169-9DC7-56E38A1B123F}.Release|x86.ActiveCfg = Release|Any CPU
		{B0BDA847-F033-4169-9DC7-56E38A1B123F}.Release|x86.Build.0 = Release|Any CPU
		{0758D20D-6190-4179-A3C4-A62127B98A32}.Debug|Any CPU.ActiveCfg = Debug|Any CPU
		{0758D20D-6190-4179-A3C4-A62127B98A32}.Debug|Any CPU.Build.0 = Debug|Any CPU
		{0758D20D-6190-4179-A3C4-A62127B98A32}.Debug|x64.ActiveCfg = Debug|Any CPU
		{0758D20D-6190-4179-A3C4-A62127B98A32}.Debug|x64.Build.0 = Debug|Any CPU
		{0758D20D-6190-4179-A3C4-A62127B98A32}.Debug|x86.ActiveCfg = Debug|Any CPU
		{0758D20D-6190-4179-A3C4-A62127B98A32}.Debug|x86.Build.0 = Debug|Any CPU
		{0758D20D-6190-4179-A3C4-A62127B98A32}.Release|Any CPU.ActiveCfg = Release|Any CPU
		{0758D20D-6190-4179-A3C4-A62127B98A32}.Release|Any CPU.Build.0 = Release|Any CPU
		{0758D20D-6190-4179-A3C4-A62127B98A32}.Release|x64.ActiveCfg = Release|Any CPU
		{0758D20D-6190-4179-A3C4-A62127B98A32}.Release|x64.Build.0 = Release|Any CPU
		{0758D20D-6190-4179-A3C4-A62127B98A32}.Release|x86.ActiveCfg = Release|Any CPU
		{0758D20D-6190-4179-A3C4-A62127B98A32}.Release|x86.Build.0 = Release|Any CPU
		{660A2896-1D78-43F9-BCE4-5DE79D6F4B38}.Debug|Any CPU.ActiveCfg = Debug|Any CPU
		{660A2896-1D78-43F9-BCE4-5DE79D6F4B38}.Debug|Any CPU.Build.0 = Debug|Any CPU
		{660A2896-1D78-43F9-BCE4-5DE79D6F4B38}.Debug|x64.ActiveCfg = Debug|Any CPU
		{660A2896-1D78-43F9-BCE4-5DE79D6F4B38}.Debug|x64.Build.0 = Debug|Any CPU
		{660A2896-1D78-43F9-BCE4-5DE79D6F4B38}.Debug|x86.ActiveCfg = Debug|Any CPU
		{660A2896-1D78-43F9-BCE4-5DE79D6F4B38}.Debug|x86.Build.0 = Debug|Any CPU
		{660A2896-1D78-43F9-BCE4-5DE79D6F4B38}.Release|Any CPU.ActiveCfg = Release|Any CPU
		{660A2896-1D78-43F9-BCE4-5DE79D6F4B38}.Release|Any CPU.Build.0 = Release|Any CPU
		{660A2896-1D78-43F9-BCE4-5DE79D6F4B38}.Release|x64.ActiveCfg = Release|Any CPU
		{660A2896-1D78-43F9-BCE4-5DE79D6F4B38}.Release|x64.Build.0 = Release|Any CPU
		{660A2896-1D78-43F9-BCE4-5DE79D6F4B38}.Release|x86.ActiveCfg = Release|Any CPU
		{660A2896-1D78-43F9-BCE4-5DE79D6F4B38}.Release|x86.Build.0 = Release|Any CPU
		{3CDB369E-778D-47D1-A4AE-31E3DD69BF89}.Debug|Any CPU.ActiveCfg = Debug|Any CPU
		{3CDB369E-778D-47D1-A4AE-31E3DD69BF89}.Debug|Any CPU.Build.0 = Debug|Any CPU
		{3CDB369E-778D-47D1-A4AE-31E3DD69BF89}.Debug|x64.ActiveCfg = Debug|Any CPU
		{3CDB369E-778D-47D1-A4AE-31E3DD69BF89}.Debug|x64.Build.0 = Debug|Any CPU
		{3CDB369E-778D-47D1-A4AE-31E3DD69BF89}.Debug|x86.ActiveCfg = Debug|Any CPU
		{3CDB369E-778D-47D1-A4AE-31E3DD69BF89}.Debug|x86.Build.0 = Debug|Any CPU
		{3CDB369E-778D-47D1-A4AE-31E3DD69BF89}.Release|Any CPU.ActiveCfg = Release|Any CPU
		{3CDB369E-778D-47D1-A4AE-31E3DD69BF89}.Release|Any CPU.Build.0 = Release|Any CPU
		{3CDB369E-778D-47D1-A4AE-31E3DD69BF89}.Release|x64.ActiveCfg = Release|Any CPU
		{3CDB369E-778D-47D1-A4AE-31E3DD69BF89}.Release|x64.Build.0 = Release|Any CPU
		{3CDB369E-778D-47D1-A4AE-31E3DD69BF89}.Release|x86.ActiveCfg = Release|Any CPU
		{3CDB369E-778D-47D1-A4AE-31E3DD69BF89}.Release|x86.Build.0 = Release|Any CPU
		{B97F37CB-C9BA-4ED2-A30A-C651D270C836}.Debug|Any CPU.ActiveCfg = Debug|Any CPU
		{B97F37CB-C9BA-4ED2-A30A-C651D270C836}.Debug|Any CPU.Build.0 = Debug|Any CPU
		{B97F37CB-C9BA-4ED2-A30A-C651D270C836}.Debug|x64.ActiveCfg = Debug|Any CPU
		{B97F37CB-C9BA-4ED2-A30A-C651D270C836}.Debug|x64.Build.0 = Debug|Any CPU
		{B97F37CB-C9BA-4ED2-A30A-C651D270C836}.Debug|x86.ActiveCfg = Debug|Any CPU
		{B97F37CB-C9BA-4ED2-A30A-C651D270C836}.Debug|x86.Build.0 = Debug|Any CPU
		{B97F37CB-C9BA-4ED2-A30A-C651D270C836}.Release|Any CPU.ActiveCfg = Release|Any CPU
		{B97F37CB-C9BA-4ED2-A30A-C651D270C836}.Release|Any CPU.Build.0 = Release|Any CPU
		{B97F37CB-C9BA-4ED2-A30A-C651D270C836}.Release|x64.ActiveCfg = Release|Any CPU
		{B97F37CB-C9BA-4ED2-A30A-C651D270C836}.Release|x64.Build.0 = Release|Any CPU
		{B97F37CB-C9BA-4ED2-A30A-C651D270C836}.Release|x86.ActiveCfg = Release|Any CPU
		{B97F37CB-C9BA-4ED2-A30A-C651D270C836}.Release|x86.Build.0 = Release|Any CPU
		{B1257874-6AC2-4FDB-98BD-3DC7E5717E4C}.Debug|Any CPU.ActiveCfg = Debug|Any CPU
		{B1257874-6AC2-4FDB-98BD-3DC7E5717E4C}.Debug|Any CPU.Build.0 = Debug|Any CPU
		{B1257874-6AC2-4FDB-98BD-3DC7E5717E4C}.Debug|x64.ActiveCfg = Debug|Any CPU
		{B1257874-6AC2-4FDB-98BD-3DC7E5717E4C}.Debug|x64.Build.0 = Debug|Any CPU
		{B1257874-6AC2-4FDB-98BD-3DC7E5717E4C}.Debug|x86.ActiveCfg = Debug|Any CPU
		{B1257874-6AC2-4FDB-98BD-3DC7E5717E4C}.Debug|x86.Build.0 = Debug|Any CPU
		{B1257874-6AC2-4FDB-98BD-3DC7E5717E4C}.Release|Any CPU.ActiveCfg = Release|Any CPU
		{B1257874-6AC2-4FDB-98BD-3DC7E5717E4C}.Release|Any CPU.Build.0 = Release|Any CPU
		{B1257874-6AC2-4FDB-98BD-3DC7E5717E4C}.Release|x64.ActiveCfg = Release|Any CPU
		{B1257874-6AC2-4FDB-98BD-3DC7E5717E4C}.Release|x64.Build.0 = Release|Any CPU
		{B1257874-6AC2-4FDB-98BD-3DC7E5717E4C}.Release|x86.ActiveCfg = Release|Any CPU
		{B1257874-6AC2-4FDB-98BD-3DC7E5717E4C}.Release|x86.Build.0 = Release|Any CPU
		{6E24F657-9D87-4625-B30B-089A924C82CC}.Debug|Any CPU.ActiveCfg = Debug|Any CPU
		{6E24F657-9D87-4625-B30B-089A924C82CC}.Debug|Any CPU.Build.0 = Debug|Any CPU
		{6E24F657-9D87-4625-B30B-089A924C82CC}.Debug|x64.ActiveCfg = Debug|Any CPU
		{6E24F657-9D87-4625-B30B-089A924C82CC}.Debug|x64.Build.0 = Debug|Any CPU
		{6E24F657-9D87-4625-B30B-089A924C82CC}.Debug|x86.ActiveCfg = Debug|Any CPU
		{6E24F657-9D87-4625-B30B-089A924C82CC}.Debug|x86.Build.0 = Debug|Any CPU
		{6E24F657-9D87-4625-B30B-089A924C82CC}.Release|Any CPU.ActiveCfg = Release|Any CPU
		{6E24F657-9D87-4625-B30B-089A924C82CC}.Release|Any CPU.Build.0 = Release|Any CPU
		{6E24F657-9D87-4625-B30B-089A924C82CC}.Release|x64.ActiveCfg = Release|Any CPU
		{6E24F657-9D87-4625-B30B-089A924C82CC}.Release|x64.Build.0 = Release|Any CPU
		{6E24F657-9D87-4625-B30B-089A924C82CC}.Release|x86.ActiveCfg = Release|Any CPU
		{6E24F657-9D87-4625-B30B-089A924C82CC}.Release|x86.Build.0 = Release|Any CPU
		{6721100E-A7C3-41E8-BBA2-B076E3EC23F0}.Debug|Any CPU.ActiveCfg = Debug|Any CPU
		{6721100E-A7C3-41E8-BBA2-B076E3EC23F0}.Debug|Any CPU.Build.0 = Debug|Any CPU
		{6721100E-A7C3-41E8-BBA2-B076E3EC23F0}.Debug|x64.ActiveCfg = Debug|Any CPU
		{6721100E-A7C3-41E8-BBA2-B076E3EC23F0}.Debug|x64.Build.0 = Debug|Any CPU
		{6721100E-A7C3-41E8-BBA2-B076E3EC23F0}.Debug|x86.ActiveCfg = Debug|Any CPU
		{6721100E-A7C3-41E8-BBA2-B076E3EC23F0}.Debug|x86.Build.0 = Debug|Any CPU
		{6721100E-A7C3-41E8-BBA2-B076E3EC23F0}.Release|Any CPU.ActiveCfg = Release|Any CPU
		{6721100E-A7C3-41E8-BBA2-B076E3EC23F0}.Release|Any CPU.Build.0 = Release|Any CPU
		{6721100E-A7C3-41E8-BBA2-B076E3EC23F0}.Release|x64.ActiveCfg = Release|Any CPU
		{6721100E-A7C3-41E8-BBA2-B076E3EC23F0}.Release|x64.Build.0 = Release|Any CPU
		{6721100E-A7C3-41E8-BBA2-B076E3EC23F0}.Release|x86.ActiveCfg = Release|Any CPU
		{6721100E-A7C3-41E8-BBA2-B076E3EC23F0}.Release|x86.Build.0 = Release|Any CPU
		{6338522C-D1E0-4083-AEAC-FC8E9E22AD7F}.Debug|Any CPU.ActiveCfg = Debug|Any CPU
		{6338522C-D1E0-4083-AEAC-FC8E9E22AD7F}.Debug|Any CPU.Build.0 = Debug|Any CPU
		{6338522C-D1E0-4083-AEAC-FC8E9E22AD7F}.Debug|x64.ActiveCfg = Debug|Any CPU
		{6338522C-D1E0-4083-AEAC-FC8E9E22AD7F}.Debug|x64.Build.0 = Debug|Any CPU
		{6338522C-D1E0-4083-AEAC-FC8E9E22AD7F}.Debug|x86.ActiveCfg = Debug|Any CPU
		{6338522C-D1E0-4083-AEAC-FC8E9E22AD7F}.Debug|x86.Build.0 = Debug|Any CPU
		{6338522C-D1E0-4083-AEAC-FC8E9E22AD7F}.Release|Any CPU.ActiveCfg = Release|Any CPU
		{6338522C-D1E0-4083-AEAC-FC8E9E22AD7F}.Release|Any CPU.Build.0 = Release|Any CPU
		{6338522C-D1E0-4083-AEAC-FC8E9E22AD7F}.Release|x64.ActiveCfg = Release|Any CPU
		{6338522C-D1E0-4083-AEAC-FC8E9E22AD7F}.Release|x64.Build.0 = Release|Any CPU
		{6338522C-D1E0-4083-AEAC-FC8E9E22AD7F}.Release|x86.ActiveCfg = Release|Any CPU
		{6338522C-D1E0-4083-AEAC-FC8E9E22AD7F}.Release|x86.Build.0 = Release|Any CPU
		{578C13D4-DB47-43C1-A89A-3F6A38BA6850}.Debug|Any CPU.ActiveCfg = Debug|Any CPU
		{578C13D4-DB47-43C1-A89A-3F6A38BA6850}.Debug|Any CPU.Build.0 = Debug|Any CPU
		{578C13D4-DB47-43C1-A89A-3F6A38BA6850}.Debug|x64.ActiveCfg = Debug|Any CPU
		{578C13D4-DB47-43C1-A89A-3F6A38BA6850}.Debug|x64.Build.0 = Debug|Any CPU
		{578C13D4-DB47-43C1-A89A-3F6A38BA6850}.Debug|x86.ActiveCfg = Debug|Any CPU
		{578C13D4-DB47-43C1-A89A-3F6A38BA6850}.Debug|x86.Build.0 = Debug|Any CPU
		{578C13D4-DB47-43C1-A89A-3F6A38BA6850}.Release|Any CPU.ActiveCfg = Release|Any CPU
		{578C13D4-DB47-43C1-A89A-3F6A38BA6850}.Release|Any CPU.Build.0 = Release|Any CPU
		{578C13D4-DB47-43C1-A89A-3F6A38BA6850}.Release|x64.ActiveCfg = Release|Any CPU
		{578C13D4-DB47-43C1-A89A-3F6A38BA6850}.Release|x64.Build.0 = Release|Any CPU
		{578C13D4-DB47-43C1-A89A-3F6A38BA6850}.Release|x86.ActiveCfg = Release|Any CPU
		{578C13D4-DB47-43C1-A89A-3F6A38BA6850}.Release|x86.Build.0 = Release|Any CPU
	EndGlobalSection
	GlobalSection(SolutionProperties) = preSolution
		HideSolutionNode = FALSE
	EndGlobalSection
	GlobalSection(NestedProjects) = preSolution
		{D63C4C03-7801-4429-9C30-4EC3B5B38BC9} = {C4C68BF8-4C73-4181-B605-4E56CB73B3B1}
		{4CCC6E0E-7A3D-471D-B84C-3995E8A21100} = {C4C68BF8-4C73-4181-B605-4E56CB73B3B1}
		{371EB0E5-D43B-42D0-8EE0-A43565839979} = {C4C68BF8-4C73-4181-B605-4E56CB73B3B1}
		{7B0B350A-1154-465F-B9BB-F6C159088B65} = {C4C68BF8-4C73-4181-B605-4E56CB73B3B1}
		{B67FB5B4-27CB-4FCF-8A40-2B46DD743B26} = {A38E4F97-470F-445B-9154-F94C3A54C207}
		{28381450-980C-45B5-9318-7789A45F704C} = {A38E4F97-470F-445B-9154-F94C3A54C207}
		{B0BDA847-F033-4169-9DC7-56E38A1B123F} = {A38E4F97-470F-445B-9154-F94C3A54C207}
		{0758D20D-6190-4179-A3C4-A62127B98A32} = {A38E4F97-470F-445B-9154-F94C3A54C207}
		{660A2896-1D78-43F9-BCE4-5DE79D6F4B38} = {4BBF7269-D49E-4CA5-999E-7656F4702197}
		{3CDB369E-778D-47D1-A4AE-31E3DD69BF89} = {4BBF7269-D49E-4CA5-999E-7656F4702197}
		{B97F37CB-C9BA-4ED2-A30A-C651D270C836} = {4BBF7269-D49E-4CA5-999E-7656F4702197}
		{B1257874-6AC2-4FDB-98BD-3DC7E5717E4C} = {18D341D4-46DD-484C-AF0C-F00B7275961F}
		{6E24F657-9D87-4625-B30B-089A924C82CC} = {18D341D4-46DD-484C-AF0C-F00B7275961F}
		{6721100E-A7C3-41E8-BBA2-B076E3EC23F0} = {708BC592-6E52-4CAF-901B-4ABB233A2560}
		{6338522C-D1E0-4083-AEAC-FC8E9E22AD7F} = {A38E4F97-470F-445B-9154-F94C3A54C207}
		{578C13D4-DB47-43C1-A89A-3F6A38BA6850} = {A38E4F97-470F-445B-9154-F94C3A54C207}
	EndGlobalSection
	GlobalSection(ExtensibilityGlobals) = postSolution
		SolutionGuid = {6EC93B92-1319-44D3-A596-9FBD9BD23050}
	EndGlobalSection
EndGlobal
